
Microsoft Visual Studio Solution File, Format Version 12.00
# Visual Studio Version 16
VisualStudioVersion = 16.0.30225.117
MinimumVisualStudioVersion = 10.0.40219.1
Project("{9A19103F-16F7-4668-BE54-9A1E7A4F7556}") = "FactoryMethod", "FactoryMethod\FactoryMethod.csproj", "{C6B1E8D5-F79C-4003-868C-4447B3287021}"
EndProject
Project("{9A19103F-16F7-4668-BE54-9A1E7A4F7556}") = "AbstractFactory", "AbstractFactory\AbstractFactory.csproj", "{DC8CE8F7-BD91-41CD-AE88-B821F90679BD}"
EndProject
Project("{9A19103F-16F7-4668-BE54-9A1E7A4F7556}") = "Builder", "Builder\Builder.csproj", "{1EBADBF4-745C-4DEC-B1A1-A0FDDBDF5063}"
EndProject
Project("{9A19103F-16F7-4668-BE54-9A1E7A4F7556}") = "Prototype", "Prototype\Prototype.csproj", "{7B6719EB-6C9A-46CF-9CFA-37756F94D274}"
EndProject
Project("{9A19103F-16F7-4668-BE54-9A1E7A4F7556}") = "Singleton", "Singleton\Singleton.csproj", "{A3681828-9283-4DC1-9052-9AB9C5E5A573}"
EndProject
Project("{2150E333-8FDC-42A3-9474-1A3956D46DE8}") = "Creational Patterns", "Creational Patterns", "{858C7223-E2FE-490A-B810-FE5E8F3D5E4C}"
EndProject
Project("{2150E333-8FDC-42A3-9474-1A3956D46DE8}") = "Behavioral Patterns", "Behavioral Patterns", "{161298BA-E116-4A2D-AA45-FF76CEC7998C}"
EndProject
Project("{9A19103F-16F7-4668-BE54-9A1E7A4F7556}") = "Command", "Command\Command.csproj", "{652C8A02-D59C-4713-86B0-96D3E97FC3B7}"
EndProject
Project("{2150E333-8FDC-42A3-9474-1A3956D46DE8}") = "Tests", "Tests", "{70886660-41C2-4EF6-A53B-B17099F8AC22}"
EndProject
Project("{9A19103F-16F7-4668-BE54-9A1E7A4F7556}") = "BehavioralPatterns.Test", "BehavioralPatterns.Test\BehavioralPatterns.Test.csproj", "{A430FD8A-91FE-4CF8-BC17-13C2EC7C8CA6}"
EndProject
Project("{9A19103F-16F7-4668-BE54-9A1E7A4F7556}") = "Memento", "Memento\Memento.csproj", "{DD242AC5-4BEB-4CE4-8266-B614219F41B5}"
EndProject
Project("{9A19103F-16F7-4668-BE54-9A1E7A4F7556}") = "Strategy", "Strategy\Strategy.csproj", "{E06F1DA9-9E99-48CF-A6CB-48260A9D2FE6}"
EndProject
Project("{9A19103F-16F7-4668-BE54-9A1E7A4F7556}") = "TemplateMethod", "TemplateMethod\TemplateMethod.csproj", "{10B1AC93-8E0B-454D-8451-4F68EB548891}"
EndProject
Project("{9A19103F-16F7-4668-BE54-9A1E7A4F7556}") = "Decorator", "Decorator\Decorator.csproj", "{D7B45C4C-6C46-4FC6-855C-B512E44068D9}"
EndProject
Project("{2150E333-8FDC-42A3-9474-1A3956D46DE8}") = "Structural Patterns", "Structural Patterns", "{F9743DCC-3E8A-4B73-A43A-3C280CFAF76B}"
EndProject
Project("{FAE04EC0-301F-11D3-BF4B-00C04F79EFBC}") = "Structural.Tests", "Structural.Tests\Structural.Tests.csproj", "{CC8A33ED-03A0-48E1-A02B-7E29E30886B2}"
EndProject
Project("{FAE04EC0-301F-11D3-BF4B-00C04F79EFBC}") = "Adapter", "Adapter\Adapter.csproj", "{3D02BCE8-9C18-4D34-AFDD-CDFF27F68DD7}"
EndProject
Project("{FAE04EC0-301F-11D3-BF4B-00C04F79EFBC}") = "Bridge", "Bridge\Bridge.csproj", "{1F06306B-D467-4156-8644-DEC9BA7781E7}"
EndProject
Project("{FAE04EC0-301F-11D3-BF4B-00C04F79EFBC}") = "Composite", "Composite\Composite.csproj", "{EB9E461E-7A89-4380-BE65-41BA1C137974}"
EndProject
Project("{FAE04EC0-301F-11D3-BF4B-00C04F79EFBC}") = "Proxy", "Proxy\Proxy.csproj", "{D62E7528-BAA9-4C31-9473-32E61EF5F3D0}"
EndProject
Project("{FAE04EC0-301F-11D3-BF4B-00C04F79EFBC}") = "Facade", "Facade\Facade.csproj", "{18E51227-A0DE-45EA-8BD3-79F6C71228C0}"
EndProject
Global
	GlobalSection(SolutionConfigurationPlatforms) = preSolution
		Debug|Any CPU = Debug|Any CPU
		Release|Any CPU = Release|Any CPU
	EndGlobalSection
	GlobalSection(ProjectConfigurationPlatforms) = postSolution
		{C6B1E8D5-F79C-4003-868C-4447B3287021}.Debug|Any CPU.ActiveCfg = Debug|Any CPU
		{C6B1E8D5-F79C-4003-868C-4447B3287021}.Debug|Any CPU.Build.0 = Debug|Any CPU
		{C6B1E8D5-F79C-4003-868C-4447B3287021}.Release|Any CPU.ActiveCfg = Release|Any CPU
		{C6B1E8D5-F79C-4003-868C-4447B3287021}.Release|Any CPU.Build.0 = Release|Any CPU
		{DC8CE8F7-BD91-41CD-AE88-B821F90679BD}.Debug|Any CPU.ActiveCfg = Debug|Any CPU
		{DC8CE8F7-BD91-41CD-AE88-B821F90679BD}.Debug|Any CPU.Build.0 = Debug|Any CPU
		{DC8CE8F7-BD91-41CD-AE88-B821F90679BD}.Release|Any CPU.ActiveCfg = Release|Any CPU
		{DC8CE8F7-BD91-41CD-AE88-B821F90679BD}.Release|Any CPU.Build.0 = Release|Any CPU
		{1EBADBF4-745C-4DEC-B1A1-A0FDDBDF5063}.Debug|Any CPU.ActiveCfg = Debug|Any CPU
		{1EBADBF4-745C-4DEC-B1A1-A0FDDBDF5063}.Debug|Any CPU.Build.0 = Debug|Any CPU
		{1EBADBF4-745C-4DEC-B1A1-A0FDDBDF5063}.Release|Any CPU.ActiveCfg = Release|Any CPU
		{1EBADBF4-745C-4DEC-B1A1-A0FDDBDF5063}.Release|Any CPU.Build.0 = Release|Any CPU
		{7B6719EB-6C9A-46CF-9CFA-37756F94D274}.Debug|Any CPU.ActiveCfg = Debug|Any CPU
		{7B6719EB-6C9A-46CF-9CFA-37756F94D274}.Debug|Any CPU.Build.0 = Debug|Any CPU
		{7B6719EB-6C9A-46CF-9CFA-37756F94D274}.Release|Any CPU.ActiveCfg = Release|Any CPU
		{7B6719EB-6C9A-46CF-9CFA-37756F94D274}.Release|Any CPU.Build.0 = Release|Any CPU
		{A3681828-9283-4DC1-9052-9AB9C5E5A573}.Debug|Any CPU.ActiveCfg = Debug|Any CPU
		{A3681828-9283-4DC1-9052-9AB9C5E5A573}.Debug|Any CPU.Build.0 = Debug|Any CPU
		{A3681828-9283-4DC1-9052-9AB9C5E5A573}.Release|Any CPU.ActiveCfg = Release|Any CPU
		{A3681828-9283-4DC1-9052-9AB9C5E5A573}.Release|Any CPU.Build.0 = Release|Any CPU
		{652C8A02-D59C-4713-86B0-96D3E97FC3B7}.Debug|Any CPU.ActiveCfg = Debug|Any CPU
		{652C8A02-D59C-4713-86B0-96D3E97FC3B7}.Debug|Any CPU.Build.0 = Debug|Any CPU
		{652C8A02-D59C-4713-86B0-96D3E97FC3B7}.Release|Any CPU.ActiveCfg = Release|Any CPU
		{652C8A02-D59C-4713-86B0-96D3E97FC3B7}.Release|Any CPU.Build.0 = Release|Any CPU
		{A430FD8A-91FE-4CF8-BC17-13C2EC7C8CA6}.Debug|Any CPU.ActiveCfg = Debug|Any CPU
		{A430FD8A-91FE-4CF8-BC17-13C2EC7C8CA6}.Debug|Any CPU.Build.0 = Debug|Any CPU
		{A430FD8A-91FE-4CF8-BC17-13C2EC7C8CA6}.Release|Any CPU.ActiveCfg = Release|Any CPU
		{A430FD8A-91FE-4CF8-BC17-13C2EC7C8CA6}.Release|Any CPU.Build.0 = Release|Any CPU
		{DD242AC5-4BEB-4CE4-8266-B614219F41B5}.Debug|Any CPU.ActiveCfg = Debug|Any CPU
		{DD242AC5-4BEB-4CE4-8266-B614219F41B5}.Debug|Any CPU.Build.0 = Debug|Any CPU
		{DD242AC5-4BEB-4CE4-8266-B614219F41B5}.Release|Any CPU.ActiveCfg = Release|Any CPU
		{DD242AC5-4BEB-4CE4-8266-B614219F41B5}.Release|Any CPU.Build.0 = Release|Any CPU
		{E06F1DA9-9E99-48CF-A6CB-48260A9D2FE6}.Debug|Any CPU.ActiveCfg = Debug|Any CPU
		{E06F1DA9-9E99-48CF-A6CB-48260A9D2FE6}.Debug|Any CPU.Build.0 = Debug|Any CPU
		{E06F1DA9-9E99-48CF-A6CB-48260A9D2FE6}.Release|Any CPU.ActiveCfg = Release|Any CPU
		{E06F1DA9-9E99-48CF-A6CB-48260A9D2FE6}.Release|Any CPU.Build.0 = Release|Any CPU
		{10B1AC93-8E0B-454D-8451-4F68EB548891}.Debug|Any CPU.ActiveCfg = Debug|Any CPU
		{10B1AC93-8E0B-454D-8451-4F68EB548891}.Debug|Any CPU.Build.0 = Debug|Any CPU
		{10B1AC93-8E0B-454D-8451-4F68EB548891}.Release|Any CPU.ActiveCfg = Release|Any CPU
		{10B1AC93-8E0B-454D-8451-4F68EB548891}.Release|Any CPU.Build.0 = Release|Any CPU
		{D7B45C4C-6C46-4FC6-855C-B512E44068D9}.Debug|Any CPU.ActiveCfg = Debug|Any CPU
		{D7B45C4C-6C46-4FC6-855C-B512E44068D9}.Debug|Any CPU.Build.0 = Debug|Any CPU
		{D7B45C4C-6C46-4FC6-855C-B512E44068D9}.Release|Any CPU.ActiveCfg = Release|Any CPU
		{D7B45C4C-6C46-4FC6-855C-B512E44068D9}.Release|Any CPU.Build.0 = Release|Any CPU
		{CC8A33ED-03A0-48E1-A02B-7E29E30886B2}.Debug|Any CPU.ActiveCfg = Debug|Any CPU
		{CC8A33ED-03A0-48E1-A02B-7E29E30886B2}.Debug|Any CPU.Build.0 = Debug|Any CPU
		{CC8A33ED-03A0-48E1-A02B-7E29E30886B2}.Release|Any CPU.ActiveCfg = Release|Any CPU
		{CC8A33ED-03A0-48E1-A02B-7E29E30886B2}.Release|Any CPU.Build.0 = Release|Any CPU
		{3D02BCE8-9C18-4D34-AFDD-CDFF27F68DD7}.Debug|Any CPU.ActiveCfg = Debug|Any CPU
		{3D02BCE8-9C18-4D34-AFDD-CDFF27F68DD7}.Debug|Any CPU.Build.0 = Debug|Any CPU
		{3D02BCE8-9C18-4D34-AFDD-CDFF27F68DD7}.Release|Any CPU.ActiveCfg = Release|Any CPU
		{3D02BCE8-9C18-4D34-AFDD-CDFF27F68DD7}.Release|Any CPU.Build.0 = Release|Any CPU
		{1F06306B-D467-4156-8644-DEC9BA7781E7}.Debug|Any CPU.ActiveCfg = Debug|Any CPU
		{1F06306B-D467-4156-8644-DEC9BA7781E7}.Debug|Any CPU.Build.0 = Debug|Any CPU
		{1F06306B-D467-4156-8644-DEC9BA7781E7}.Release|Any CPU.ActiveCfg = Release|Any CPU
		{1F06306B-D467-4156-8644-DEC9BA7781E7}.Release|Any CPU.Build.0 = Release|Any CPU
		{EB9E461E-7A89-4380-BE65-41BA1C137974}.Debug|Any CPU.ActiveCfg = Debug|Any CPU
		{EB9E461E-7A89-4380-BE65-41BA1C137974}.Debug|Any CPU.Build.0 = Debug|Any CPU
		{EB9E461E-7A89-4380-BE65-41BA1C137974}.Release|Any CPU.ActiveCfg = Release|Any CPU
		{EB9E461E-7A89-4380-BE65-41BA1C137974}.Release|Any CPU.Build.0 = Release|Any CPU
		{D62E7528-BAA9-4C31-9473-32E61EF5F3D0}.Debug|Any CPU.ActiveCfg = Debug|Any CPU
		{D62E7528-BAA9-4C31-9473-32E61EF5F3D0}.Debug|Any CPU.Build.0 = Debug|Any CPU
		{D62E7528-BAA9-4C31-9473-32E61EF5F3D0}.Release|Any CPU.ActiveCfg = Release|Any CPU
		{D62E7528-BAA9-4C31-9473-32E61EF5F3D0}.Release|Any CPU.Build.0 = Release|Any CPU
		{18E51227-A0DE-45EA-8BD3-79F6C71228C0}.Debug|Any CPU.ActiveCfg = Debug|Any CPU
		{18E51227-A0DE-45EA-8BD3-79F6C71228C0}.Debug|Any CPU.Build.0 = Debug|Any CPU
		{18E51227-A0DE-45EA-8BD3-79F6C71228C0}.Release|Any CPU.ActiveCfg = Release|Any CPU
		{18E51227-A0DE-45EA-8BD3-79F6C71228C0}.Release|Any CPU.Build.0 = Release|Any CPU
	EndGlobalSection
	GlobalSection(SolutionProperties) = preSolution
		HideSolutionNode = FALSE
	EndGlobalSection
	GlobalSection(NestedProjects) = preSolution
		{C6B1E8D5-F79C-4003-868C-4447B3287021} = {858C7223-E2FE-490A-B810-FE5E8F3D5E4C}
		{DC8CE8F7-BD91-41CD-AE88-B821F90679BD} = {858C7223-E2FE-490A-B810-FE5E8F3D5E4C}
		{1EBADBF4-745C-4DEC-B1A1-A0FDDBDF5063} = {858C7223-E2FE-490A-B810-FE5E8F3D5E4C}
		{7B6719EB-6C9A-46CF-9CFA-37756F94D274} = {858C7223-E2FE-490A-B810-FE5E8F3D5E4C}
		{A3681828-9283-4DC1-9052-9AB9C5E5A573} = {858C7223-E2FE-490A-B810-FE5E8F3D5E4C}
		{652C8A02-D59C-4713-86B0-96D3E97FC3B7} = {161298BA-E116-4A2D-AA45-FF76CEC7998C}
		{70886660-41C2-4EF6-A53B-B17099F8AC22} = {161298BA-E116-4A2D-AA45-FF76CEC7998C}
		{A430FD8A-91FE-4CF8-BC17-13C2EC7C8CA6} = {70886660-41C2-4EF6-A53B-B17099F8AC22}
		{DD242AC5-4BEB-4CE4-8266-B614219F41B5} = {161298BA-E116-4A2D-AA45-FF76CEC7998C}
		{E06F1DA9-9E99-48CF-A6CB-48260A9D2FE6} = {161298BA-E116-4A2D-AA45-FF76CEC7998C}
		{10B1AC93-8E0B-454D-8451-4F68EB548891} = {161298BA-E116-4A2D-AA45-FF76CEC7998C}
		{D7B45C4C-6C46-4FC6-855C-B512E44068D9} = {F9743DCC-3E8A-4B73-A43A-3C280CFAF76B}
		{CC8A33ED-03A0-48E1-A02B-7E29E30886B2} = {F9743DCC-3E8A-4B73-A43A-3C280CFAF76B}
		{3D02BCE8-9C18-4D34-AFDD-CDFF27F68DD7} = {F9743DCC-3E8A-4B73-A43A-3C280CFAF76B}
		{1F06306B-D467-4156-8644-DEC9BA7781E7} = {F9743DCC-3E8A-4B73-A43A-3C280CFAF76B}
		{EB9E461E-7A89-4380-BE65-41BA1C137974} = {F9743DCC-3E8A-4B73-A43A-3C280CFAF76B}
		{D62E7528-BAA9-4C31-9473-32E61EF5F3D0} = {F9743DCC-3E8A-4B73-A43A-3C280CFAF76B}
		{18E51227-A0DE-45EA-8BD3-79F6C71228C0} = {F9743DCC-3E8A-4B73-A43A-3C280CFAF76B}
	EndGlobalSection
	GlobalSection(ExtensibilityGlobals) = postSolution
		SolutionGuid = {3BD53F4F-A4B4-4360-9489-B53A9CD28B19}
	EndGlobalSection
EndGlobal
